// !$*UTF8*$!
{
	archiveVersion = 1;
	classes = {
	};
	objectVersion = 46;
	objects = {

/* Begin PBXBuildFile section */
		BE5899E0177D36D300E8970B /* Cocoa.framework in Frameworks */ = {isa = PBXBuildFile; fileRef = BE5899DF177D36D300E8970B /* Cocoa.framework */; };
		BE5899EA177D36D300E8970B /* InfoPlist.strings in Resources */ = {isa = PBXBuildFile; fileRef = BE5899E8177D36D300E8970B /* InfoPlist.strings */; };
		BE5899EC177D36D300E8970B /* main.m in Sources */ = {isa = PBXBuildFile; fileRef = BE5899EB177D36D300E8970B /* main.m */; };
		BE5899F0177D36D300E8970B /* Credits.rtf in Resources */ = {isa = PBXBuildFile; fileRef = BE5899EE177D36D300E8970B /* Credits.rtf */; };
		BE5899F3177D36D300E8970B /* AppDelegate.m in Sources */ = {isa = PBXBuildFile; fileRef = BE5899F2177D36D300E8970B /* AppDelegate.m */; };
		BE5899F6177D36D300E8970B /* MainMenu.xib in Resources */ = {isa = PBXBuildFile; fileRef = BE5899F4177D36D300E8970B /* MainMenu.xib */; };
		BE5899FD177D372700E8970B /* Security.framework in Frameworks */ = {isa = PBXBuildFile; fileRef = BE5899FC177D372700E8970B /* Security.framework */; };
		BE589A00177D38C000E8970B /* SKkit.m in Sources */ = {isa = PBXBuildFile; fileRef = BE5899FF177D38C000E8970B /* SKkit.m */; };
/* End PBXBuildFile section */

/* Begin PBXFileReference section */
		BE5899DC177D36D300E8970B /* Security-Keychain.app */ = {isa = PBXFileReference; explicitFileType = wrapper.application; includeInIndex = 0; path = "Security-Keychain.app"; sourceTree = BUILT_PRODUCTS_DIR; };
		BE5899DF177D36D300E8970B /* Cocoa.framework */ = {isa = PBXFileReference; lastKnownFileType = wrapper.framework; name = Cocoa.framework; path = System/Library/Frameworks/Cocoa.framework; sourceTree = SDKROOT; };
		BE5899E2177D36D300E8970B /* AppKit.framework */ = {isa = PBXFileReference; lastKnownFileType = wrapper.framework; name = AppKit.framework; path = System/Library/Frameworks/AppKit.framework; sourceTree = SDKROOT; };
		BE5899E3177D36D300E8970B /* CoreData.framework */ = {isa = PBXFileReference; lastKnownFileType = wrapper.framework; name = CoreData.framework; path = System/Library/Frameworks/CoreData.framework; sourceTree = SDKROOT; };
		BE5899E4177D36D300E8970B /* Foundation.framework */ = {isa = PBXFileReference; lastKnownFileType = wrapper.framework; name = Foundation.framework; path = System/Library/Frameworks/Foundation.framework; sourceTree = SDKROOT; };
		BE5899E7177D36D300E8970B /* Security-Keychain-Info.plist */ = {isa = PBXFileReference; lastKnownFileType = text.plist.xml; path = "Security-Keychain-Info.plist"; sourceTree = "<group>"; };
		BE5899E9177D36D300E8970B /* en */ = {isa = PBXFileReference; lastKnownFileType = text.plist.strings; name = en; path = en.lproj/InfoPlist.strings; sourceTree = "<group>"; };
		BE5899EB177D36D300E8970B /* main.m */ = {isa = PBXFileReference; lastKnownFileType = sourcecode.c.objc; path = main.m; sourceTree = "<group>"; };
		BE5899ED177D36D300E8970B /* Security-Keychain-Prefix.pch */ = {isa = PBXFileReference; lastKnownFileType = sourcecode.c.h; path = "Security-Keychain-Prefix.pch"; sourceTree = "<group>"; };
		BE5899EF177D36D300E8970B /* en */ = {isa = PBXFileReference; lastKnownFileType = text.rtf; name = en; path = en.lproj/Credits.rtf; sourceTree = "<group>"; };
		BE5899F1177D36D300E8970B /* AppDelegate.h */ = {isa = PBXFileReference; lastKnownFileType = sourcecode.c.h; path = AppDelegate.h; sourceTree = "<group>"; };
		BE5899F2177D36D300E8970B /* AppDelegate.m */ = {isa = PBXFileReference; lastKnownFileType = sourcecode.c.objc; path = AppDelegate.m; sourceTree = "<group>"; };
		BE5899F5177D36D300E8970B /* en */ = {isa = PBXFileReference; lastKnownFileType = file.xib; name = en; path = en.lproj/MainMenu.xib; sourceTree = "<group>"; };
		BE5899FC177D372700E8970B /* Security.framework */ = {isa = PBXFileReference; lastKnownFileType = wrapper.framework; name = Security.framework; path = System/Library/Frameworks/Security.framework; sourceTree = SDKROOT; };
		BE5899FE177D38C000E8970B /* SKkit.h */ = {isa = PBXFileReference; fileEncoding = 4; lastKnownFileType = sourcecode.c.h; path = SKkit.h; sourceTree = "<group>"; };
		BE5899FF177D38C000E8970B /* SKkit.m */ = {isa = PBXFileReference; fileEncoding = 4; lastKnownFileType = sourcecode.c.objc; path = SKkit.m; sourceTree = "<group>"; };
/* End PBXFileReference section */

/* Begin PBXFrameworksBuildPhase section */
		BE5899D9177D36D300E8970B /* Frameworks */ = {
			isa = PBXFrameworksBuildPhase;
			buildActionMask = 2147483647;
			files = (
				BE5899FD177D372700E8970B /* Security.framework in Frameworks */,
				BE5899E0177D36D300E8970B /* Cocoa.framework in Frameworks */,
			);
			runOnlyForDeploymentPostprocessing = 0;
		};
/* End PBXFrameworksBuildPhase section */

/* Begin PBXGroup section */
		BE5899D3177D36D200E8970B = {
			isa = PBXGroup;
			children = (
				BE5899E5177D36D300E8970B /* Security-Keychain */,
				BE5899DE177D36D300E8970B /* Frameworks */,
				BE5899DD177D36D300E8970B /* Products */,
			);
			sourceTree = "<group>";
		};
		BE5899DD177D36D300E8970B /* Products */ = {
			isa = PBXGroup;
			children = (
				BE5899DC177D36D300E8970B /* Security-Keychain.app */,
			);
			name = Products;
			sourceTree = "<group>";
		};
		BE5899DE177D36D300E8970B /* Frameworks */ = {
			isa = PBXGroup;
			children = (
				BE5899DF177D36D300E8970B /* Cocoa.framework */,
				BE5899FC177D372700E8970B /* Security.framework */,
				BE5899E1177D36D300E8970B /* Other Frameworks */,
			);
			name = Frameworks;
			sourceTree = "<group>";
		};
		BE5899E1177D36D300E8970B /* Other Frameworks */ = {
			isa = PBXGroup;
			children = (
				BE5899E2177D36D300E8970B /* AppKit.framework */,
				BE5899E3177D36D300E8970B /* CoreData.framework */,
				BE5899E4177D36D300E8970B /* Foundation.framework */,
			);
			name = "Other Frameworks";
			sourceTree = "<group>";
		};
		BE5899E5177D36D300E8970B /* Security-Keychain */ = {
			isa = PBXGroup;
			children = (
				BE5899F1177D36D300E8970B /* AppDelegate.h */,
				BE5899F2177D36D300E8970B /* AppDelegate.m */,
				BE5899FE177D38C000E8970B /* SKkit.h */,
				BE5899FF177D38C000E8970B /* SKkit.m */,
				BE5899F4177D36D300E8970B /* MainMenu.xib */,
				BE5899E6177D36D300E8970B /* Supporting Files */,
			);
			path = "Security-Keychain";
			sourceTree = "<group>";
		};
		BE5899E6177D36D300E8970B /* Supporting Files */ = {
			isa = PBXGroup;
			children = (
				BE5899E7177D36D300E8970B /* Security-Keychain-Info.plist */,
				BE5899E8177D36D300E8970B /* InfoPlist.strings */,
				BE5899EB177D36D300E8970B /* main.m */,
				BE5899ED177D36D300E8970B /* Security-Keychain-Prefix.pch */,
				BE5899EE177D36D300E8970B /* Credits.rtf */,
			);
			name = "Supporting Files";
			sourceTree = "<group>";
		};
/* End PBXGroup section */

/* Begin PBXNativeTarget section */
		BE5899DB177D36D300E8970B /* Security-Keychain */ = {
			isa = PBXNativeTarget;
			buildConfigurationList = BE5899F9177D36D300E8970B /* Build configuration list for PBXNativeTarget "Security-Keychain" */;
			buildPhases = (
				BE5899D8177D36D300E8970B /* Sources */,
				BE5899D9177D36D300E8970B /* Frameworks */,
				BE5899DA177D36D300E8970B /* Resources */,
			);
			buildRules = (
			);
			dependencies = (
			);
			name = "Security-Keychain";
			productName = "Security-Keychain";
			productReference = BE5899DC177D36D300E8970B /* Security-Keychain.app */;
			productType = "com.apple.product-type.application";
		};
/* End PBXNativeTarget section */

/* Begin PBXProject section */
		BE5899D4177D36D200E8970B /* Project object */ = {
			isa = PBXProject;
			attributes = {
				LastUpgradeCheck = 0460;
				ORGANIZATIONNAME = aapps;
			};
			buildConfigurationList = BE5899D7177D36D200E8970B /* Build configuration list for PBXProject "Security-Keychain" */;
			compatibilityVersion = "Xcode 3.2";
			developmentRegion = English;
			hasScannedForEncodings = 0;
			knownRegions = (
				en,
			);
			mainGroup = BE5899D3177D36D200E8970B;
			productRefGroup = BE5899DD177D36D300E8970B /* Products */;
			projectDirPath = "";
			projectRoot = "";
			targets = (
				BE5899DB177D36D300E8970B /* Security-Keychain */,
			);
		};
/* End PBXProject section */

/* Begin PBXResourcesBuildPhase section */
		BE5899DA177D36D300E8970B /* Resources */ = {
			isa = PBXResourcesBuildPhase;
			buildActionMask = 2147483647;
			files = (
				BE5899EA177D36D300E8970B /* InfoPlist.strings in Resources */,
				BE5899F0177D36D300E8970B /* Credits.rtf in Resources */,
				BE5899F6177D36D300E8970B /* MainMenu.xib in Resources */,
			);
			runOnlyForDeploymentPostprocessing = 0;
		};
/* End PBXResourcesBuildPhase section */

/* Begin PBXSourcesBuildPhase section */
		BE5899D8177D36D300E8970B /* Sources */ = {
			isa = PBXSourcesBuildPhase;
			buildActionMask = 2147483647;
			files = (
				BE5899EC177D36D300E8970B /* main.m in Sources */,
				BE5899F3177D36D300E8970B /* AppDelegate.m in Sources */,
				BE589A00177D38C000E8970B /* SKkit.m in Sources */,
			);
			runOnlyForDeploymentPostprocessing = 0;
		};
/* End PBXSourcesBuildPhase section */

/* Begin PBXVariantGroup section */
		BE5899E8177D36D300E8970B /* InfoPlist.strings */ = {
			isa = PBXVariantGroup;
			children = (
				BE5899E9177D36D300E8970B /* en */,
			);
			name = InfoPlist.strings;
			sourceTree = "<group>";
		};
		BE5899EE177D36D300E8970B /* Credits.rtf */ = {
			isa = PBXVariantGroup;
			children = (
				BE5899EF177D36D300E8970B /* en */,
			);
			name = Credits.rtf;
			sourceTree = "<group>";
		};
		BE5899F4177D36D300E8970B /* MainMenu.xib */ = {
			isa = PBXVariantGroup;
			children = (
				BE5899F5177D36D300E8970B /* en */,
			);
			name = MainMenu.xib;
			sourceTree = "<group>";
		};
/* End PBXVariantGroup section */

/* Begin XCBuildConfiguration section */
		BE5899F7177D36D300E8970B /* Debug */ = {
			isa = XCBuildConfiguration;
			buildSettings = {
				ALWAYS_SEARCH_USER_PATHS = NO;
				ARCHS = "$(ARCHS_STANDARD_64_BIT)";
				CLANG_CXX_LANGUAGE_STANDARD = "gnu++0x";
				CLANG_CXX_LIBRARY = "libc++";
				CLANG_WARN_CONSTANT_CONVERSION = YES;
				CLANG_WARN_EMPTY_BODY = YES;
				CLANG_WARN_ENUM_CONVERSION = YES;
				CLANG_WARN_INT_CONVERSION = YES;
				CLANG_WARN__DUPLICATE_METHOD_MATCH = YES;
				COPY_PHASE_STRIP = NO;
				GCC_C_LANGUAGE_STANDARD = gnu99;
				GCC_DYNAMIC_NO_PIC = NO;
				GCC_ENABLE_OBJC_EXCEPTIONS = YES;
				GCC_OPTIMIZATION_LEVEL = 0;
				GCC_PREPROCESSOR_DEFINITIONS = (
					"DEBUG=1",
					"$(inherited)",
				);
				GCC_SYMBOLS_PRIVATE_EXTERN = NO;
				GCC_WARN_64_TO_32_BIT_CONVERSION = YES;
				GCC_WARN_ABOUT_RETURN_TYPE = YES;
				GCC_WARN_UNINITIALIZED_AUTOS = YES;
				GCC_WARN_UNUSED_VARIABLE = YES;
				MACOSX_DEPLOYMENT_TARGET = 10.8;
				ONLY_ACTIVE_ARCH = YES;
				SDKROOT = macosx;
			};
			name = Debug;
		};
		BE5899F8177D36D300E8970B /* Release */ = {
			isa = XCBuildConfiguration;
			buildSettings = {
				ALWAYS_SEARCH_USER_PATHS = NO;
				ARCHS = "$(ARCHS_STANDARD_64_BIT)";
				CLANG_CXX_LANGUAGE_STANDARD = "gnu++0x";
				CLANG_CXX_LIBRARY = "libc++";
				CLANG_WARN_CONSTANT_CONVERSION = YES;
				CLANG_WARN_EMPTY_BODY = YES;
				CLANG_WARN_ENUM_CONVERSION = YES;
				CLANG_WARN_INT_CONVERSION = YES;
				CLANG_WARN__DUPLICATE_METHOD_MATCH = YES;
				COPY_PHASE_STRIP = YES;
				DEBUG_INFORMATION_FORMAT = "dwarf-with-dsym";
				GCC_C_LANGUAGE_STANDARD = gnu99;
				GCC_ENABLE_OBJC_EXCEPTIONS = YES;
				GCC_WARN_64_TO_32_BIT_CONVERSION = YES;
				GCC_WARN_ABOUT_RETURN_TYPE = YES;
				GCC_WARN_UNINITIALIZED_AUTOS = YES;
				GCC_WARN_UNUSED_VARIABLE = YES;
				MACOSX_DEPLOYMENT_TARGET = 10.8;
				SDKROOT = macosx;
			};
			name = Release;
		};
		BE5899FA177D36D300E8970B /* Debug */ = {
			isa = XCBuildConfiguration;
			buildSettings = {
				COMBINE_HIDPI_IMAGES = YES;
				GCC_PRECOMPILE_PREFIX_HEADER = YES;
				GCC_PREFIX_HEADER = "Security-Keychain/Security-Keychain-Prefix.pch";
				INFOPLIST_FILE = "Security-Keychain/Security-Keychain-Info.plist";
				PRODUCT_NAME = "$(TARGET_NAME)";
				WRAPPER_EXTENSION = app;
			};
			name = Debug;
		};
		BE5899FB177D36D300E8970B /* Release */ = {
			isa = XCBuildConfiguration;
			buildSettings = {
				COMBINE_HIDPI_IMAGES = YES;
				GCC_PRECOMPILE_PREFIX_HEADER = YES;
				GCC_PREFIX_HEADER = "Security-Keychain/Security-Keychain-Prefix.pch";
				INFOPLIST_FILE = "Security-Keychain/Security-Keychain-Info.plist";
				PRODUCT_NAME = "$(TARGET_NAME)";
				WRAPPER_EXTENSION = app;
			};
			name = Release;
		};
/* End XCBuildConfiguration section */

/* Begin XCConfigurationList section */
		BE5899D7177D36D200E8970B /* Build configuration list for PBXProject "Security-Keychain" */ = {
			isa = XCConfigurationList;
			buildConfigurations = (
				BE5899F7177D36D300E8970B /* Debug */,
				BE5899F8177D36D300E8970B /* Release */,
			);
			defaultConfigurationIsVisible = 0;
			defaultConfigurationName = Release;
		};
		BE5899F9177D36D300E8970B /* Build configuration list for PBXNativeTarget "Security-Keychain" */ = {
			isa = XCConfigurationList;
			buildConfigurations = (
				BE5899FA177D36D300E8970B /* Debug */,
				BE5899FB177D36D300E8970B /* Release */,
			);
			defaultConfigurationIsVisible = 0;
		};
/* End XCConfigurationList section */
	};
	rootObject = BE5899D4177D36D200E8970B /* Project object */;
}
